
Microsoft Visual Studio Solution File, Format Version 12.00
# Visual Studio Version 17
VisualStudioVersion = 17.5.002.0
MinimumVisualStudioVersion = 10.0.40219.1
Project("{2150E333-8FDC-42A3-9474-1A3956D46DE8}") = "src", "src", "{C6B35881-7C6F-4E6B-A409-C8C5CCADB37A}"
EndProject
Project("{9A19103F-16F7-4668-BE54-9A1E7A4F7556}") = "Play.Common", "src\Play.Common\Play.Common.csproj", "{0F56A494-0D6F-4AD6-A362-00CA6D8DEE55}"
EndProject
Global
	GlobalSection(SolutionConfigurationPlatforms) = preSolution
		Debug|Any CPU = Debug|Any CPU
		Release|Any CPU = Release|Any CPU
	EndGlobalSection
	GlobalSection(ProjectConfigurationPlatforms) = postSolution
		{0F56A494-0D6F-4AD6-A362-00CA6D8DEE55}.Debug|Any CPU.ActiveCfg = Debug|Any CPU
		{0F56A494-0D6F-4AD6-A362-00CA6D8DEE55}.Debug|Any CPU.Build.0 = Debug|Any CPU
		{0F56A494-0D6F-4AD6-A362-00CA6D8DEE55}.Release|Any CPU.ActiveCfg = Release|Any CPU
		{0F56A494-0D6F-4AD6-A362-00CA6D8DEE55}.Release|Any CPU.Build.0 = Release|Any CPU
	EndGlobalSection
	GlobalSection(SolutionProperties) = preSolution
		HideSolutionNode = FALSE
	EndGlobalSection
	GlobalSection(NestedProjects) = preSolution
		{0F56A494-0D6F-4AD6-A362-00CA6D8DEE55} = {C6B35881-7C6F-4E6B-A409-C8C5CCADB37A}
	EndGlobalSection
	GlobalSection(ExtensibilityGlobals) = postSolution
		SolutionGuid = {D458CB41-BA87-4F5C-BDFD-EC2E20454B81}
	EndGlobalSection
EndGlobal
